
Microsoft Visual Studio Solution File, Format Version 12.00
# Visual Studio Version 17
VisualStudioVersion = 17.10.34928.147
MinimumVisualStudioVersion = 10.0.40219.1
Project("{FAE04EC0-301F-11D3-BF4B-00C04F79EFBC}") = "basicC#", "basicC#.csproj", "{343FB3F0-4F96-46DD-AC73-09F7C5503F57}"
EndProject
Global
	GlobalSection(SolutionConfigurationPlatforms) = preSolution
		Debug|Any CPU = Debug|Any CPU
		Release|Any CPU = Release|Any CPU
	EndGlobalSection
	GlobalSection(ProjectConfigurationPlatforms) = postSolution
		{343FB3F0-4F96-46DD-AC73-09F7C5503F57}.Debug|Any CPU.ActiveCfg = Debug|Any CPU
		{343FB3F0-4F96-46DD-AC73-09F7C5503F57}.Debug|Any CPU.Build.0 = Debug|Any CPU
		{343FB3F0-4F96-46DD-AC73-09F7C5503F57}.Release|Any CPU.ActiveCfg = Release|Any CPU
		{343FB3F0-4F96-46DD-AC73-09F7C5503F57}.Release|Any CPU.Build.0 = Release|Any CPU
	EndGlobalSection
	GlobalSection(SolutionProperties) = preSolution
		HideSolutionNode = FALSE
	EndGlobalSection
	GlobalSection(ExtensibilityGlobals) = postSolution
		SolutionGuid = {69C687FA-9111-4A3C-8BB3-E05C332C48DA}
	EndGlobalSection
EndGlobal
